
Microsoft Visual Studio Solution File, Format Version 12.00
# Visual Studio 2012
Project("{FAE04EC0-301F-11D3-BF4B-00C04F79EFBC}") = "IdataErrorValidation", "IdataErrorValidation\IdataErrorValidation.csproj", "{24641C31-FE7B-4E53-B53E-1567EC36239B}"
EndProject
Global
	GlobalSection(SolutionConfigurationPlatforms) = preSolution
		Debug|Any CPU = Debug|Any CPU
		Release|Any CPU = Release|Any CPU
	EndGlobalSection
	GlobalSection(ProjectConfigurationPlatforms) = postSolution
		{24641C31-FE7B-4E53-B53E-1567EC36239B}.Debug|Any CPU.ActiveCfg = Debug|Any CPU
		{24641C31-FE7B-4E53-B53E-1567EC36239B}.Debug|Any CPU.Build.0 = Debug|Any CPU
		{24641C31-FE7B-4E53-B53E-1567EC36239B}.Release|Any CPU.ActiveCfg = Release|Any CPU
		{24641C31-FE7B-4E53-B53E-1567EC36239B}.Release|Any CPU.Build.0 = Release|Any CPU
	EndGlobalSection
	GlobalSection(SolutionProperties) = preSolution
		HideSolutionNode = FALSE
	EndGlobalSection
EndGlobal
