
Microsoft Visual Studio Solution File, Format Version 12.00
# Visual Studio 2012
Project("{FAE04EC0-301F-11D3-BF4B-00C04F79EFBC}") = "TriggersTutorial", "TriggersTutorial\TriggersTutorial.csproj", "{DE3A02F4-609B-4872-B1C7-5ADF80474A9A}"
EndProject
Global
	GlobalSection(SolutionConfigurationPlatforms) = preSolution
		Debug|Any CPU = Debug|Any CPU
		Release|Any CPU = Release|Any CPU
	EndGlobalSection
	GlobalSection(ProjectConfigurationPlatforms) = postSolution
		{DE3A02F4-609B-4872-B1C7-5ADF80474A9A}.Debug|Any CPU.ActiveCfg = Debug|Any CPU
		{DE3A02F4-609B-4872-B1C7-5ADF80474A9A}.Debug|Any CPU.Build.0 = Debug|Any CPU
		{DE3A02F4-609B-4872-B1C7-5ADF80474A9A}.Release|Any CPU.ActiveCfg = Release|Any CPU
		{DE3A02F4-609B-4872-B1C7-5ADF80474A9A}.Release|Any CPU.Build.0 = Release|Any CPU
	EndGlobalSection
	GlobalSection(SolutionProperties) = preSolution
		HideSolutionNode = FALSE
	EndGlobalSection
EndGlobal
